
Microsoft Visual Studio Solution File, Format Version 12.00
# Visual Studio 15
VisualStudioVersion = 15.0.27428.1
MinimumVisualStudioVersion = 10.0.40219.1
Project("{FAE04EC0-301F-11D3-BF4B-00C04F79EFBC}") = "ConsoleBounce", "ConsoleBounce\ConsoleBounce.csproj", "{D4BADC76-8503-4864-BFC6-1D0DFB66F3CA}"
EndProject
Global
	GlobalSection(SolutionConfigurationPlatforms) = preSolution
		Debug|Any CPU = Debug|Any CPU
		Release|Any CPU = Release|Any CPU
	EndGlobalSection
	GlobalSection(ProjectConfigurationPlatforms) = postSolution
		{D4BADC76-8503-4864-BFC6-1D0DFB66F3CA}.Debug|Any CPU.ActiveCfg = Debug|Any CPU
		{D4BADC76-8503-4864-BFC6-1D0DFB66F3CA}.Debug|Any CPU.Build.0 = Debug|Any CPU
		{D4BADC76-8503-4864-BFC6-1D0DFB66F3CA}.Release|Any CPU.ActiveCfg = Release|Any CPU
		{D4BADC76-8503-4864-BFC6-1D0DFB66F3CA}.Release|Any CPU.Build.0 = Release|Any CPU
	EndGlobalSection
	GlobalSection(SolutionProperties) = preSolution
		HideSolutionNode = FALSE
	EndGlobalSection
	GlobalSection(ExtensibilityGlobals) = postSolution
		SolutionGuid = {2E563C57-F140-478F-AADC-DB271AA2F714}
	EndGlobalSection
EndGlobal
