
Microsoft Visual Studio Solution File, Format Version 12.00
# Visual Studio 15
VisualStudioVersion = 15.0.27130.2027
MinimumVisualStudioVersion = 10.0.40219.1
Project("{FAE04EC0-301F-11D3-BF4B-00C04F79EFBC}") = "KeyLogger", "KeyLogger\KeyLogger.csproj", "{56CCCEAD-16AF-457B-8FDF-79B553E0877C}"
EndProject
Global
	GlobalSection(SolutionConfigurationPlatforms) = preSolution
		Debug|Any CPU = Debug|Any CPU
		Release|Any CPU = Release|Any CPU
	EndGlobalSection
	GlobalSection(ProjectConfigurationPlatforms) = postSolution
		{56CCCEAD-16AF-457B-8FDF-79B553E0877C}.Debug|Any CPU.ActiveCfg = Debug|Any CPU
		{56CCCEAD-16AF-457B-8FDF-79B553E0877C}.Debug|Any CPU.Build.0 = Debug|Any CPU
		{56CCCEAD-16AF-457B-8FDF-79B553E0877C}.Release|Any CPU.ActiveCfg = Release|Any CPU
		{56CCCEAD-16AF-457B-8FDF-79B553E0877C}.Release|Any CPU.Build.0 = Release|Any CPU
	EndGlobalSection
	GlobalSection(SolutionProperties) = preSolution
		HideSolutionNode = FALSE
	EndGlobalSection
	GlobalSection(ExtensibilityGlobals) = postSolution
		SolutionGuid = {B5848FC7-5087-4C35-AD9C-87DC18036440}
	EndGlobalSection
EndGlobal
