
Microsoft Visual Studio Solution File, Format Version 12.00
# Visual Studio 15
VisualStudioVersion = 15.0.27428.1
MinimumVisualStudioVersion = 10.0.40219.1
Project("{FAE04EC0-301F-11D3-BF4B-00C04F79EFBC}") = "2048", "2048\2048.csproj", "{0D34367E-9AA0-4B54-9241-AEC953605C9F}"
EndProject
Global
	GlobalSection(SolutionConfigurationPlatforms) = preSolution
		Debug|Any CPU = Debug|Any CPU
		Release|Any CPU = Release|Any CPU
	EndGlobalSection
	GlobalSection(ProjectConfigurationPlatforms) = postSolution
		{0D34367E-9AA0-4B54-9241-AEC953605C9F}.Debug|Any CPU.ActiveCfg = Debug|Any CPU
		{0D34367E-9AA0-4B54-9241-AEC953605C9F}.Debug|Any CPU.Build.0 = Debug|Any CPU
		{0D34367E-9AA0-4B54-9241-AEC953605C9F}.Release|Any CPU.ActiveCfg = Release|Any CPU
		{0D34367E-9AA0-4B54-9241-AEC953605C9F}.Release|Any CPU.Build.0 = Release|Any CPU
	EndGlobalSection
	GlobalSection(SolutionProperties) = preSolution
		HideSolutionNode = FALSE
	EndGlobalSection
	GlobalSection(ExtensibilityGlobals) = postSolution
		SolutionGuid = {70D9235E-91D0-429E-9DE0-96D4FF084907}
	EndGlobalSection
EndGlobal
