
Microsoft Visual Studio Solution File, Format Version 12.00
# Visual Studio 15
VisualStudioVersion = 15.0.27004.2010
MinimumVisualStudioVersion = 10.0.40219.1
Project("{FAE04EC0-301F-11D3-BF4B-00C04F79EFBC}") = "Heads or tails", "Heads or tails\Heads or tails.csproj", "{B9ACDD46-E326-4115-B3DB-2620C115027F}"
EndProject
Global
	GlobalSection(SolutionConfigurationPlatforms) = preSolution
		Debug|Any CPU = Debug|Any CPU
		Release|Any CPU = Release|Any CPU
	EndGlobalSection
	GlobalSection(ProjectConfigurationPlatforms) = postSolution
		{B9ACDD46-E326-4115-B3DB-2620C115027F}.Debug|Any CPU.ActiveCfg = Debug|Any CPU
		{B9ACDD46-E326-4115-B3DB-2620C115027F}.Debug|Any CPU.Build.0 = Debug|Any CPU
		{B9ACDD46-E326-4115-B3DB-2620C115027F}.Release|Any CPU.ActiveCfg = Release|Any CPU
		{B9ACDD46-E326-4115-B3DB-2620C115027F}.Release|Any CPU.Build.0 = Release|Any CPU
	EndGlobalSection
	GlobalSection(SolutionProperties) = preSolution
		HideSolutionNode = FALSE
	EndGlobalSection
	GlobalSection(ExtensibilityGlobals) = postSolution
		SolutionGuid = {33BAA28F-FC1E-4DC7-961B-54674E3E05F8}
	EndGlobalSection
EndGlobal
