
Microsoft Visual Studio Solution File, Format Version 12.00
# Visual Studio 15
VisualStudioVersion = 15.0.27703.1
MinimumVisualStudioVersion = 10.0.40219.1
Project("{FAE04EC0-301F-11D3-BF4B-00C04F79EFBC}") = "Owl Project", "Owl Project\Owl Project.csproj", "{9AD3FFFB-C6E7-473A-B052-AE469ABB6A75}"
EndProject
Global
	GlobalSection(SolutionConfigurationPlatforms) = preSolution
		Debug|Any CPU = Debug|Any CPU
		Release|Any CPU = Release|Any CPU
	EndGlobalSection
	GlobalSection(ProjectConfigurationPlatforms) = postSolution
		{9AD3FFFB-C6E7-473A-B052-AE469ABB6A75}.Debug|Any CPU.ActiveCfg = Debug|Any CPU
		{9AD3FFFB-C6E7-473A-B052-AE469ABB6A75}.Debug|Any CPU.Build.0 = Debug|Any CPU
		{9AD3FFFB-C6E7-473A-B052-AE469ABB6A75}.Release|Any CPU.ActiveCfg = Release|Any CPU
		{9AD3FFFB-C6E7-473A-B052-AE469ABB6A75}.Release|Any CPU.Build.0 = Release|Any CPU
	EndGlobalSection
	GlobalSection(SolutionProperties) = preSolution
		HideSolutionNode = FALSE
	EndGlobalSection
	GlobalSection(ExtensibilityGlobals) = postSolution
		SolutionGuid = {C5653571-AB23-4542-8683-66265D375F54}
	EndGlobalSection
EndGlobal
