
Microsoft Visual Studio Solution File, Format Version 12.00
# Visual Studio 15
VisualStudioVersion = 15.0.27428.2015
MinimumVisualStudioVersion = 10.0.40219.1
Project("{FAE04EC0-301F-11D3-BF4B-00C04F79EFBC}") = "Countdown Numbers Game", "Countdown Numbers Game\Countdown Numbers Game.csproj", "{92DB8F4B-F5E6-4BCE-B496-7386AB268A18}"
EndProject
Global
	GlobalSection(SolutionConfigurationPlatforms) = preSolution
		Debug|Any CPU = Debug|Any CPU
		Release|Any CPU = Release|Any CPU
	EndGlobalSection
	GlobalSection(ProjectConfigurationPlatforms) = postSolution
		{92DB8F4B-F5E6-4BCE-B496-7386AB268A18}.Debug|Any CPU.ActiveCfg = Debug|Any CPU
		{92DB8F4B-F5E6-4BCE-B496-7386AB268A18}.Debug|Any CPU.Build.0 = Debug|Any CPU
		{92DB8F4B-F5E6-4BCE-B496-7386AB268A18}.Release|Any CPU.ActiveCfg = Release|Any CPU
		{92DB8F4B-F5E6-4BCE-B496-7386AB268A18}.Release|Any CPU.Build.0 = Release|Any CPU
	EndGlobalSection
	GlobalSection(SolutionProperties) = preSolution
		HideSolutionNode = FALSE
	EndGlobalSection
	GlobalSection(ExtensibilityGlobals) = postSolution
		SolutionGuid = {C36BEE9C-9C1E-481A-B62E-1BE2A345EEFC}
	EndGlobalSection
EndGlobal
