
Microsoft Visual Studio Solution File, Format Version 12.00
# Visual Studio 15
VisualStudioVersion = 15.0.27703.1
MinimumVisualStudioVersion = 10.0.40219.1
Project("{FAE04EC0-301F-11D3-BF4B-00C04F79EFBC}") = "Payload", "Payload\Payload.csproj", "{EDE05CBF-E0C8-4239-9B52-4B88C1DDC646}"
EndProject
Global
	GlobalSection(SolutionConfigurationPlatforms) = preSolution
		Debug|Any CPU = Debug|Any CPU
		Release|Any CPU = Release|Any CPU
	EndGlobalSection
	GlobalSection(ProjectConfigurationPlatforms) = postSolution
		{EDE05CBF-E0C8-4239-9B52-4B88C1DDC646}.Debug|Any CPU.ActiveCfg = Debug|Any CPU
		{EDE05CBF-E0C8-4239-9B52-4B88C1DDC646}.Debug|Any CPU.Build.0 = Debug|Any CPU
		{EDE05CBF-E0C8-4239-9B52-4B88C1DDC646}.Release|Any CPU.ActiveCfg = Release|Any CPU
		{EDE05CBF-E0C8-4239-9B52-4B88C1DDC646}.Release|Any CPU.Build.0 = Release|Any CPU
	EndGlobalSection
	GlobalSection(SolutionProperties) = preSolution
		HideSolutionNode = FALSE
	EndGlobalSection
	GlobalSection(ExtensibilityGlobals) = postSolution
		SolutionGuid = {F4B12610-5575-4450-8B5E-983B8F501894}
	EndGlobalSection
EndGlobal
