{
  "name": "youtube-dowloader",
  "version": "1.0.0",
  "lockfileVersion": 1,
  "requires": true,
  "dependencies": {
    "fs": {
      "version": "0.0.1-security",
      "resolved": "https://registry.npmjs.org/fs/-/fs-0.0.1-security.tgz",
      "integrity": "sha1-invTcYa23d84E/I4WLV+yq9eQdQ="
    },
    "html-entities": {
      "version": "1.2.1",
      "resolved": "https://registry.npmjs.org/html-entities/-/html-entities-1.2.1.tgz",
      "integrity": "sha1-DfKTUfByEWNRXfueVUPl9u7VFi8="
    },
    "m3u8stream": {
      "version": "0.3.0",
      "resolved": "https://registry.npmjs.org/m3u8stream/-/m3u8stream-0.3.0.tgz",
      "integrity": "sha512-0tvjXDIa6BolPEGo9zioQiPqfQhjopZXN3L7vZH/rZQCOLd4rPXNZc1UBMdW3TRpjNBoD0+F1X41/f0iY23rlQ==",
      "requires": {
        "miniget": "1.2.0"
      }
    },
    "miniget": {
      "version": "1.2.0",
      "resolved": "https://registry.npmjs.org/miniget/-/miniget-1.2.0.tgz",
      "integrity": "sha1-ADY3Oia71S2+aUX85sjAOR6eEkE="
    },
    "sax": {
      "version": "1.2.4",
      "resolved": "https://registry.npmjs.org/sax/-/sax-1.2.4.tgz",
      "integrity": "sha512-NqVDv9TpANUjFm0N8uM5GxL36UgKi9/atZw+x7YFnQ8ckwFGKrl4xX4yWtrey3UJm5nP1kUbnYgLopqWNSRhWw=="
    },
    "ytdl-core": {
      "version": "0.21.1",
      "resolved": "https://registry.npmjs.org/ytdl-core/-/ytdl-core-0.21.1.tgz",
      "integrity": "sha512-K6ysXuHW0X3MgeLpO4IHvHp5gdF2DDrgFPP7kQODBSpeaq4+/y8lvWy6ZpxtJdQGE0+GUaBZ2H1/kYcP327UdQ==",
      "requires": {
        "html-entities": "1.2.1",
        "m3u8stream": "0.3.0",
        "miniget": "1.2.0",
        "sax": "1.2.4"
      }
    }
  }
}
