
Microsoft Visual Studio Solution File, Format Version 12.00
# Visual Studio 15
VisualStudioVersion = 15.0.27130.2027
MinimumVisualStudioVersion = 10.0.40219.1
Project("{FAE04EC0-301F-11D3-BF4B-00C04F79EFBC}") = "Feet To Inches", "Feet To Inches.csproj", "{3CCE4436-87D1-453A-AE9D-42CBA9C92F65}"
EndProject
Global
	GlobalSection(SolutionConfigurationPlatforms) = preSolution
		Debug|Any CPU = Debug|Any CPU
		Release|Any CPU = Release|Any CPU
	EndGlobalSection
	GlobalSection(ProjectConfigurationPlatforms) = postSolution
		{3CCE4436-87D1-453A-AE9D-42CBA9C92F65}.Debug|Any CPU.ActiveCfg = Debug|Any CPU
		{3CCE4436-87D1-453A-AE9D-42CBA9C92F65}.Debug|Any CPU.Build.0 = Debug|Any CPU
		{3CCE4436-87D1-453A-AE9D-42CBA9C92F65}.Release|Any CPU.ActiveCfg = Release|Any CPU
		{3CCE4436-87D1-453A-AE9D-42CBA9C92F65}.Release|Any CPU.Build.0 = Release|Any CPU
	EndGlobalSection
	GlobalSection(SolutionProperties) = preSolution
		HideSolutionNode = FALSE
	EndGlobalSection
	GlobalSection(ExtensibilityGlobals) = postSolution
		SolutionGuid = {51DB3DA1-58BA-411D-9556-06931FB6D24B}
	EndGlobalSection
EndGlobal
