
Microsoft Visual Studio Solution File, Format Version 12.00
# Visual Studio 15
VisualStudioVersion = 15.0.27428.1
MinimumVisualStudioVersion = 10.0.40219.1
Project("{FAE04EC0-301F-11D3-BF4B-00C04F79EFBC}") = "net tests", "net tests\net tests.csproj", "{DC3DA93F-722D-40B0-9F60-10E3655995DA}"
EndProject
Global
	GlobalSection(SolutionConfigurationPlatforms) = preSolution
		Debug|Any CPU = Debug|Any CPU
		Release|Any CPU = Release|Any CPU
	EndGlobalSection
	GlobalSection(ProjectConfigurationPlatforms) = postSolution
		{DC3DA93F-722D-40B0-9F60-10E3655995DA}.Debug|Any CPU.ActiveCfg = Debug|Any CPU
		{DC3DA93F-722D-40B0-9F60-10E3655995DA}.Debug|Any CPU.Build.0 = Debug|Any CPU
		{DC3DA93F-722D-40B0-9F60-10E3655995DA}.Release|Any CPU.ActiveCfg = Release|Any CPU
		{DC3DA93F-722D-40B0-9F60-10E3655995DA}.Release|Any CPU.Build.0 = Release|Any CPU
	EndGlobalSection
	GlobalSection(SolutionProperties) = preSolution
		HideSolutionNode = FALSE
	EndGlobalSection
	GlobalSection(ExtensibilityGlobals) = postSolution
		SolutionGuid = {D20C72F6-2D37-4BC5-9407-391230461DFE}
	EndGlobalSection
EndGlobal
